// !$*UTF8*$!
{
	archiveVersion = 1;
	classes = {
	};
	objectVersion = 46;
	objects = {

/* Begin PBXBuildFile section */
		7B53F62219FB884E00ED69B5 /* QuizViewController.m in Sources */ = {isa = PBXBuildFile; fileRef = 7B53F62119FB884E00ED69B5 /* QuizViewController.m */; };
		7B53F62A19FB8A7100ED69B5 /* Untitled2.png in Resources */ = {isa = PBXBuildFile; fileRef = 7B53F62819FB8A7100ED69B5 /* Untitled2.png */; };
		7B53F62C19FB91EF00ED69B5 /* Untitled3.png in Resources */ = {isa = PBXBuildFile; fileRef = 7B53F62B19FB91EE00ED69B5 /* Untitled3.png */; };
		7B53F62F19FB983600ED69B5 /* LastViewController.m in Sources */ = {isa = PBXBuildFile; fileRef = 7B53F62E19FB983600ED69B5 /* LastViewController.m */; };
		7B53F63119FB9D3500ED69B5 /* Untitled4.png in Resources */ = {isa = PBXBuildFile; fileRef = 7B53F63019FB9D3500ED69B5 /* Untitled4.png */; };
		7B53F63719FBA4E500ED69B5 /* HB.png in Resources */ = {isa = PBXBuildFile; fileRef = 7B53F63619FBA4E500ED69B5 /* HB.png */; };
		7B53F63919FBBB2800ED69B5 /* Untitled.png in Resources */ = {isa = PBXBuildFile; fileRef = 7B53F63819FBBB2800ED69B5 /* Untitled.png */; };
		7B8F60F01A2A163800C8FA56 /* AVFoundation.framework in Frameworks */ = {isa = PBXBuildFile; fileRef = 7B8F60EF1A2A163800C8FA56 /* AVFoundation.framework */; };
		7BAEB9E419F63DBB0074CD1F /* main.m in Sources */ = {isa = PBXBuildFile; fileRef = 7BAEB9E319F63DBB0074CD1F /* main.m */; };
		7BAEB9E719F63DBB0074CD1F /* AppDelegate.m in Sources */ = {isa = PBXBuildFile; fileRef = 7BAEB9E619F63DBB0074CD1F /* AppDelegate.m */; };
		7BAEB9EA19F63DBB0074CD1F /* ViewController.m in Sources */ = {isa = PBXBuildFile; fileRef = 7BAEB9E919F63DBB0074CD1F /* ViewController.m */; };
		7BAEB9ED19F63DBB0074CD1F /* Main.storyboard in Resources */ = {isa = PBXBuildFile; fileRef = 7BAEB9EB19F63DBB0074CD1F /* Main.storyboard */; };
		7BAEB9EF19F63DBB0074CD1F /* Images.xcassets in Resources */ = {isa = PBXBuildFile; fileRef = 7BAEB9EE19F63DBB0074CD1F /* Images.xcassets */; };
		7BAEB9F219F63DBB0074CD1F /* LaunchScreen.xib in Resources */ = {isa = PBXBuildFile; fileRef = 7BAEB9F019F63DBB0074CD1F /* LaunchScreen.xib */; };
		7BAEB9FE19F63DBB0074CD1F /* Atom_QuizTests.m in Sources */ = {isa = PBXBuildFile; fileRef = 7BAEB9FD19F63DBB0074CD1F /* Atom_QuizTests.m */; };
		7BAEBA0819F6429F0074CD1F /* Social.framework in Frameworks */ = {isa = PBXBuildFile; fileRef = 7BAEBA0719F6429F0074CD1F /* Social.framework */; };
		7BB8A1FE19FBDC92004C1BB3 /* UIKit.framework in Frameworks */ = {isa = PBXBuildFile; fileRef = 7BB8A1FD19FBDC92004C1BB3 /* UIKit.framework */; };
		7BB8A20019FBDCA5004C1BB3 /* Foundation.framework in Frameworks */ = {isa = PBXBuildFile; fileRef = 7BB8A1FF19FBDCA5004C1BB3 /* Foundation.framework */; };
		7BB8A20219FBDCBE004C1BB3 /* CoreGraphics.framework in Frameworks */ = {isa = PBXBuildFile; fileRef = 7BB8A20119FBDCBE004C1BB3 /* CoreGraphics.framework */; };
		7BB8A20819FC0A79004C1BB3 /* Problem.m in Sources */ = {isa = PBXBuildFile; fileRef = 7BB8A20719FC0A79004C1BB3 /* Problem.m */; };
		7BF961731A2A0FBA00CD1668 /* AdobeMingStd-Light.otf in Resources */ = {isa = PBXBuildFile; fileRef = 7BF961721A2A0FBA00CD1668 /* AdobeMingStd-Light.otf */; };
		7BF961751A2A14FE00CD1668 /* Seikai02-1.mp3 in Resources */ = {isa = PBXBuildFile; fileRef = 7BF961741A2A14FE00CD1668 /* Seikai02-1.mp3 */; };
/* End PBXBuildFile section */

/* Begin PBXContainerItemProxy section */
		7BAEB9F819F63DBB0074CD1F /* PBXContainerItemProxy */ = {
			isa = PBXContainerItemProxy;
			containerPortal = 7BAEB9D619F63DBB0074CD1F /* Project object */;
			proxyType = 1;
			remoteGlobalIDString = 7BAEB9DD19F63DBB0074CD1F;
			remoteInfo = "Atom Quiz";
		};
/* End PBXContainerItemProxy section */

/* Begin PBXFileReference section */
		7B53F62019FB884E00ED69B5 /* QuizViewController.h */ = {isa = PBXFileReference; fileEncoding = 4; lastKnownFileType = sourcecode.c.h; name = QuizViewController.h; path = ../QuizViewController.h; sourceTree = "<group>"; };
		7B53F62119FB884E00ED69B5 /* QuizViewController.m */ = {isa = PBXFileReference; fileEncoding = 4; lastKnownFileType = sourcecode.c.objc; name = QuizViewController.m; path = ../QuizViewController.m; sourceTree = "<group>"; };
		7B53F62819FB8A7100ED69B5 /* Untitled2.png */ = {isa = PBXFileReference; lastKnownFileType = image.png; path = Untitled2.png; sourceTree = "<group>"; };
		7B53F62B19FB91EE00ED69B5 /* Untitled3.png */ = {isa = PBXFileReference; lastKnownFileType = image.png; path = Untitled3.png; sourceTree = "<group>"; };
		7B53F62D19FB983600ED69B5 /* LastViewController.h */ = {isa = PBXFileReference; fileEncoding = 4; lastKnownFileType = sourcecode.c.h; name = LastViewController.h; path = ../LastViewController.h; sourceTree = "<group>"; };
		7B53F62E19FB983600ED69B5 /* LastViewController.m */ = {isa = PBXFileReference; fileEncoding = 4; lastKnownFileType = sourcecode.c.objc; name = LastViewController.m; path = ../LastViewController.m; sourceTree = "<group>"; };
		7B53F63019FB9D3500ED69B5 /* Untitled4.png */ = {isa = PBXFileReference; lastKnownFileType = image.png; path = Untitled4.png; sourceTree = "<group>"; };
		7B53F63619FBA4E500ED69B5 /* HB.png */ = {isa = PBXFileReference; lastKnownFileType = image.png; path = HB.png; sourceTree = "<group>"; };
		7B53F63819FBBB2800ED69B5 /* Untitled.png */ = {isa = PBXFileReference; lastKnownFileType = image.png; path = Untitled.png; sourceTree = "<group>"; };
		7B8F60EF1A2A163800C8FA56 /* AVFoundation.framework */ = {isa = PBXFileReference; lastKnownFileType = wrapper.framework; name = AVFoundation.framework; path = System/Library/Frameworks/AVFoundation.framework; sourceTree = SDKROOT; };
		7BAEB9DE19F63DBB0074CD1F /* Atom Quiz.app */ = {isa = PBXFileReference; explicitFileType = wrapper.application; includeInIndex = 0; path = "Atom Quiz.app"; sourceTree = BUILT_PRODUCTS_DIR; };
		7BAEB9E219F63DBB0074CD1F /* Info.plist */ = {isa = PBXFileReference; lastKnownFileType = text.plist.xml; path = Info.plist; sourceTree = "<group>"; };
		7BAEB9E319F63DBB0074CD1F /* main.m */ = {isa = PBXFileReference; lastKnownFileType = sourcecode.c.objc; path = main.m; sourceTree = "<group>"; };
		7BAEB9E519F63DBB0074CD1F /* AppDelegate.h */ = {isa = PBXFileReference; lastKnownFileType = sourcecode.c.h; path = AppDelegate.h; sourceTree = "<group>"; };
		7BAEB9E619F63DBB0074CD1F /* AppDelegate.m */ = {isa = PBXFileReference; lastKnownFileType = sourcecode.c.objc; path = AppDelegate.m; sourceTree = "<group>"; };
		7BAEB9E819F63DBB0074CD1F /* ViewController.h */ = {isa = PBXFileReference; lastKnownFileType = sourcecode.c.h; path = ViewController.h; sourceTree = "<group>"; };
		7BAEB9E919F63DBB0074CD1F /* ViewController.m */ = {isa = PBXFileReference; lastKnownFileType = sourcecode.c.objc; path = ViewController.m; sourceTree = "<group>"; };
		7BAEB9EC19F63DBB0074CD1F /* Base */ = {isa = PBXFileReference; lastKnownFileType = file.storyboard; name = Base; path = Base.lproj/Main.storyboard; sourceTree = "<group>"; };
		7BAEB9EE19F63DBB0074CD1F /* Images.xcassets */ = {isa = PBXFileReference; lastKnownFileType = folder.assetcatalog; path = Images.xcassets; sourceTree = "<group>"; };
		7BAEB9F119F63DBB0074CD1F /* Base */ = {isa = PBXFileReference; lastKnownFileType = file.xib; name = Base; path = Base.lproj/LaunchScreen.xib; sourceTree = "<group>"; };
		7BAEB9F719F63DBB0074CD1F /* Atom QuizTests.xctest */ = {isa = PBXFileReference; explicitFileType = wrapper.cfbundle; includeInIndex = 0; path = "Atom QuizTests.xctest"; sourceTree = BUILT_PRODUCTS_DIR; };
		7BAEB9FC19F63DBB0074CD1F /* Info.plist */ = {isa = PBXFileReference; lastKnownFileType = text.plist.xml; path = Info.plist; sourceTree = "<group>"; };
		7BAEB9FD19F63DBB0074CD1F /* Atom_QuizTests.m */ = {isa = PBXFileReference; lastKnownFileType = sourcecode.c.objc; path = Atom_QuizTests.m; sourceTree = "<group>"; };
		7BAEBA0719F6429F0074CD1F /* Social.framework */ = {isa = PBXFileReference; lastKnownFileType = wrapper.framework; name = Social.framework; path = System/Library/Frameworks/Social.framework; sourceTree = SDKROOT; };
		7BB8A1FD19FBDC92004C1BB3 /* UIKit.framework */ = {isa = PBXFileReference; lastKnownFileType = wrapper.framework; name = UIKit.framework; path = System/Library/Frameworks/UIKit.framework; sourceTree = SDKROOT; };
		7BB8A1FF19FBDCA5004C1BB3 /* Foundation.framework */ = {isa = PBXFileReference; lastKnownFileType = wrapper.framework; name = Foundation.framework; path = System/Library/Frameworks/Foundation.framework; sourceTree = SDKROOT; };
		7BB8A20119FBDCBE004C1BB3 /* CoreGraphics.framework */ = {isa = PBXFileReference; lastKnownFileType = wrapper.framework; name = CoreGraphics.framework; path = System/Library/Frameworks/CoreGraphics.framework; sourceTree = SDKROOT; };
		7BB8A20619FC0A79004C1BB3 /* Problem.h */ = {isa = PBXFileReference; fileEncoding = 4; lastKnownFileType = sourcecode.c.h; name = Problem.h; path = ../Problem.h; sourceTree = "<group>"; };
		7BB8A20719FC0A79004C1BB3 /* Problem.m */ = {isa = PBXFileReference; fileEncoding = 4; lastKnownFileType = sourcecode.c.objc; name = Problem.m; path = ../Problem.m; sourceTree = "<group>"; };
		7BF961721A2A0FBA00CD1668 /* AdobeMingStd-Light.otf */ = {isa = PBXFileReference; lastKnownFileType = file; path = "AdobeMingStd-Light.otf"; sourceTree = "<group>"; };
		7BF961741A2A14FE00CD1668 /* Seikai02-1.mp3 */ = {isa = PBXFileReference; lastKnownFileType = audio.mp3; path = "Seikai02-1.mp3"; sourceTree = "<group>"; };
/* End PBXFileReference section */

/* Begin PBXFrameworksBuildPhase section */
		7BAEB9DB19F63DBB0074CD1F /* Frameworks */ = {
			isa = PBXFrameworksBuildPhase;
			buildActionMask = 2147483647;
			files = (
				7B8F60F01A2A163800C8FA56 /* AVFoundation.framework in Frameworks */,
				7BB8A20219FBDCBE004C1BB3 /* CoreGraphics.framework in Frameworks */,
				7BB8A20019FBDCA5004C1BB3 /* Foundation.framework in Frameworks */,
				7BB8A1FE19FBDC92004C1BB3 /* UIKit.framework in Frameworks */,
				7BAEBA0819F6429F0074CD1F /* Social.framework in Frameworks */,
			);
			runOnlyForDeploymentPostprocessing = 0;
		};
		7BAEB9F419F63DBB0074CD1F /* Frameworks */ = {
			isa = PBXFrameworksBuildPhase;
			buildActionMask = 2147483647;
			files = (
			);
			runOnlyForDeploymentPostprocessing = 0;
		};
/* End PBXFrameworksBuildPhase section */

/* Begin PBXGroup section */
		7BAEB9D519F63DBB0074CD1F = {
			isa = PBXGroup;
			children = (
				7B8F60EF1A2A163800C8FA56 /* AVFoundation.framework */,
				7BB8A20119FBDCBE004C1BB3 /* CoreGraphics.framework */,
				7BB8A1FF19FBDCA5004C1BB3 /* Foundation.framework */,
				7BB8A1FD19FBDC92004C1BB3 /* UIKit.framework */,
				7BAEBA0719F6429F0074CD1F /* Social.framework */,
				7BAEB9E019F63DBB0074CD1F /* Atom Quiz */,
				7BAEB9FA19F63DBB0074CD1F /* Atom QuizTests */,
				7BAEB9DF19F63DBB0074CD1F /* Products */,
			);
			sourceTree = "<group>";
		};
		7BAEB9DF19F63DBB0074CD1F /* Products */ = {
			isa = PBXGroup;
			children = (
				7BAEB9DE19F63DBB0074CD1F /* Atom Quiz.app */,
				7BAEB9F719F63DBB0074CD1F /* Atom QuizTests.xctest */,
			);
			name = Products;
			sourceTree = "<group>";
		};
		7BAEB9E019F63DBB0074CD1F /* Atom Quiz */ = {
			isa = PBXGroup;
			children = (
				7BAEB9E519F63DBB0074CD1F /* AppDelegate.h */,
				7BAEB9E619F63DBB0074CD1F /* AppDelegate.m */,
				7BF961741A2A14FE00CD1668 /* Seikai02-1.mp3 */,
				7BF961721A2A0FBA00CD1668 /* AdobeMingStd-Light.otf */,
				7B53F63619FBA4E500ED69B5 /* HB.png */,
				7B53F63819FBBB2800ED69B5 /* Untitled.png */,
				7B53F62819FB8A7100ED69B5 /* Untitled2.png */,
				7B53F62B19FB91EE00ED69B5 /* Untitled3.png */,
				7B53F63019FB9D3500ED69B5 /* Untitled4.png */,
				7BAEB9EB19F63DBB0074CD1F /* Main.storyboard */,
				7BAEB9E819F63DBB0074CD1F /* ViewController.h */,
				7BAEB9E919F63DBB0074CD1F /* ViewController.m */,
				7B53F62019FB884E00ED69B5 /* QuizViewController.h */,
				7B53F62119FB884E00ED69B5 /* QuizViewController.m */,
				7B53F62D19FB983600ED69B5 /* LastViewController.h */,
				7B53F62E19FB983600ED69B5 /* LastViewController.m */,
				7BB8A20619FC0A79004C1BB3 /* Problem.h */,
				7BB8A20719FC0A79004C1BB3 /* Problem.m */,
				7BAEB9EE19F63DBB0074CD1F /* Images.xcassets */,
				7BAEB9F019F63DBB0074CD1F /* LaunchScreen.xib */,
				7BAEB9E119F63DBB0074CD1F /* Supporting Files */,
			);
			path = "Atom Quiz";
			sourceTree = "<group>";
		};
		7BAEB9E119F63DBB0074CD1F /* Supporting Files */ = {
			isa = PBXGroup;
			children = (
				7BAEB9E219F63DBB0074CD1F /* Info.plist */,
				7BAEB9E319F63DBB0074CD1F /* main.m */,
			);
			name = "Supporting Files";
			sourceTree = "<group>";
		};
		7BAEB9FA19F63DBB0074CD1F /* Atom QuizTests */ = {
			isa = PBXGroup;
			children = (
				7BAEB9FD19F63DBB0074CD1F /* Atom_QuizTests.m */,
				7BAEB9FB19F63DBB0074CD1F /* Supporting Files */,
			);
			path = "Atom QuizTests";
			sourceTree = "<group>";
		};
		7BAEB9FB19F63DBB0074CD1F /* Supporting Files */ = {
			isa = PBXGroup;
			children = (
				7BAEB9FC19F63DBB0074CD1F /* Info.plist */,
			);
			name = "Supporting Files";
			sourceTree = "<group>";
		};
/* End PBXGroup section */

/* Begin PBXNativeTarget section */
		7BAEB9DD19F63DBB0074CD1F /* Atom Quiz */ = {
			isa = PBXNativeTarget;
			buildConfigurationList = 7BAEBA0119F63DBB0074CD1F /* Build configuration list for PBXNativeTarget "Atom Quiz" */;
			buildPhases = (
				7BAEB9DA19F63DBB0074CD1F /* Sources */,
				7BAEB9DB19F63DBB0074CD1F /* Frameworks */,
				7BAEB9DC19F63DBB0074CD1F /* Resources */,
			);
			buildRules = (
			);
			dependencies = (
			);
			name = "Atom Quiz";
			productName = "Atom Quiz";
			productReference = 7BAEB9DE19F63DBB0074CD1F /* Atom Quiz.app */;
			productType = "com.apple.product-type.application";
		};
		7BAEB9F619F63DBB0074CD1F /* Atom QuizTests */ = {
			isa = PBXNativeTarget;
			buildConfigurationList = 7BAEBA0419F63DBB0074CD1F /* Build configuration list for PBXNativeTarget "Atom QuizTests" */;
			buildPhases = (
				7BAEB9F319F63DBB0074CD1F /* Sources */,
				7BAEB9F419F63DBB0074CD1F /* Frameworks */,
				7BAEB9F519F63DBB0074CD1F /* Resources */,
			);
			buildRules = (
			);
			dependencies = (
				7BAEB9F919F63DBB0074CD1F /* PBXTargetDependency */,
			);
			name = "Atom QuizTests";
			productName = "Atom QuizTests";
			productReference = 7BAEB9F719F63DBB0074CD1F /* Atom QuizTests.xctest */;
			productType = "com.apple.product-type.bundle.unit-test";
		};
/* End PBXNativeTarget section */

/* Begin PBXProject section */
		7BAEB9D619F63DBB0074CD1F /* Project object */ = {
			isa = PBXProject;
			attributes = {
				LastUpgradeCheck = 0600;
				ORGANIZATIONNAME = "santa naruse";
				TargetAttributes = {
					7BAEB9DD19F63DBB0074CD1F = {
						CreatedOnToolsVersion = 6.0.1;
					};
					7BAEB9F619F63DBB0074CD1F = {
						CreatedOnToolsVersion = 6.0.1;
						TestTargetID = 7BAEB9DD19F63DBB0074CD1F;
					};
				};
			};
			buildConfigurationList = 7BAEB9D919F63DBB0074CD1F /* Build configuration list for PBXProject "Atom Quiz" */;
			compatibilityVersion = "Xcode 3.2";
			developmentRegion = English;
			hasScannedForEncodings = 0;
			knownRegions = (
				en,
				Base,
			);
			mainGroup = 7BAEB9D519F63DBB0074CD1F;
			productRefGroup = 7BAEB9DF19F63DBB0074CD1F /* Products */;
			projectDirPath = "";
			projectRoot = "";
			targets = (
				7BAEB9DD19F63DBB0074CD1F /* Atom Quiz */,
				7BAEB9F619F63DBB0074CD1F /* Atom QuizTests */,
			);
		};
/* End PBXProject section */

/* Begin PBXResourcesBuildPhase section */
		7BAEB9DC19F63DBB0074CD1F /* Resources */ = {
			isa = PBXResourcesBuildPhase;
			buildActionMask = 2147483647;
			files = (
				7B53F63919FBBB2800ED69B5 /* Untitled.png in Resources */,
				7B53F62A19FB8A7100ED69B5 /* Untitled2.png in Resources */,
				7BAEB9ED19F63DBB0074CD1F /* Main.storyboard in Resources */,
				7BF961731A2A0FBA00CD1668 /* AdobeMingStd-Light.otf in Resources */,
				7B53F63719FBA4E500ED69B5 /* HB.png in Resources */,
				7B53F63119FB9D3500ED69B5 /* Untitled4.png in Resources */,
				7BF961751A2A14FE00CD1668 /* Seikai02-1.mp3 in Resources */,
				7BAEB9F219F63DBB0074CD1F /* LaunchScreen.xib in Resources */,
				7B53F62C19FB91EF00ED69B5 /* Untitled3.png in Resources */,
				7BAEB9EF19F63DBB0074CD1F /* Images.xcassets in Resources */,
			);
			runOnlyForDeploymentPostprocessing = 0;
		};
		7BAEB9F519F63DBB0074CD1F /* Resources */ = {
			isa = PBXResourcesBuildPhase;
			buildActionMask = 2147483647;
			files = (
			);
			runOnlyForDeploymentPostprocessing = 0;
		};
/* End PBXResourcesBuildPhase section */

/* Begin PBXSourcesBuildPhase section */
		7BAEB9DA19F63DBB0074CD1F /* Sources */ = {
			isa = PBXSourcesBuildPhase;
			buildActionMask = 2147483647;
			files = (
				7BAEB9EA19F63DBB0074CD1F /* ViewController.m in Sources */,
				7BAEB9E719F63DBB0074CD1F /* AppDelegate.m in Sources */,
				7BAEB9E419F63DBB0074CD1F /* main.m in Sources */,
				7BB8A20819FC0A79004C1BB3 /* Problem.m in Sources */,
				7B53F62F19FB983600ED69B5 /* LastViewController.m in Sources */,
				7B53F62219FB884E00ED69B5 /* QuizViewController.m in Sources */,
			);
			runOnlyForDeploymentPostprocessing = 0;
		};
		7BAEB9F319F63DBB0074CD1F /* Sources */ = {
			isa = PBXSourcesBuildPhase;
			buildActionMask = 2147483647;
			files = (
				7BAEB9FE19F63DBB0074CD1F /* Atom_QuizTests.m in Sources */,
			);
			runOnlyForDeploymentPostprocessing = 0;
		};
/* End PBXSourcesBuildPhase section */

/* Begin PBXTargetDependency section */
		7BAEB9F919F63DBB0074CD1F /* PBXTargetDependency */ = {
			isa = PBXTargetDependency;
			target = 7BAEB9DD19F63DBB0074CD1F /* Atom Quiz */;
			targetProxy = 7BAEB9F819F63DBB0074CD1F /* PBXContainerItemProxy */;
		};
/* End PBXTargetDependency section */

/* Begin PBXVariantGroup section */
		7BAEB9EB19F63DBB0074CD1F /* Main.storyboard */ = {
			isa = PBXVariantGroup;
			children = (
				7BAEB9EC19F63DBB0074CD1F /* Base */,
			);
			name = Main.storyboard;
			sourceTree = "<group>";
		};
		7BAEB9F019F63DBB0074CD1F /* LaunchScreen.xib */ = {
			isa = PBXVariantGroup;
			children = (
				7BAEB9F119F63DBB0074CD1F /* Base */,
			);
			name = LaunchScreen.xib;
			sourceTree = "<group>";
		};
/* End PBXVariantGroup section */

/* Begin XCBuildConfiguration section */
		7BAEB9FF19F63DBB0074CD1F /* Debug */ = {
			isa = XCBuildConfiguration;
			buildSettings = {
				ALWAYS_SEARCH_USER_PATHS = NO;
				CLANG_CXX_LANGUAGE_STANDARD = "gnu++0x";
				CLANG_CXX_LIBRARY = "libc++";
				CLANG_ENABLE_MODULES = YES;
				CLANG_ENABLE_OBJC_ARC = YES;
				CLANG_WARN_BOOL_CONVERSION = YES;
				CLANG_WARN_CONSTANT_CONVERSION = YES;
				CLANG_WARN_DIRECT_OBJC_ISA_USAGE = YES_ERROR;
				CLANG_WARN_EMPTY_BODY = YES;
				CLANG_WARN_ENUM_CONVERSION = YES;
				CLANG_WARN_INT_CONVERSION = YES;
				CLANG_WARN_OBJC_ROOT_CLASS = YES_ERROR;
				CLANG_WARN_UNREACHABLE_CODE = YES;
				CLANG_WARN__DUPLICATE_METHOD_MATCH = YES;
				"CODE_SIGN_IDENTITY[sdk=iphoneos*]" = "iPhone Developer";
				COPY_PHASE_STRIP = NO;
				ENABLE_STRICT_OBJC_MSGSEND = YES;
				GCC_C_LANGUAGE_STANDARD = gnu99;
				GCC_DYNAMIC_NO_PIC = NO;
				GCC_OPTIMIZATION_LEVEL = 0;
				GCC_PREPROCESSOR_DEFINITIONS = (
					"DEBUG=1",
					"$(inherited)",
				);
				GCC_SYMBOLS_PRIVATE_EXTERN = NO;
				GCC_WARN_64_TO_32_BIT_CONVERSION = YES;
				GCC_WARN_ABOUT_RETURN_TYPE = YES_ERROR;
				GCC_WARN_UNDECLARED_SELECTOR = YES;
				GCC_WARN_UNINITIALIZED_AUTOS = YES_AGGRESSIVE;
				GCC_WARN_UNUSED_FUNCTION = YES;
				GCC_WARN_UNUSED_VARIABLE = YES;
				IPHONEOS_DEPLOYMENT_TARGET = 8.0;
				MTL_ENABLE_DEBUG_INFO = YES;
				ONLY_ACTIVE_ARCH = YES;
				SDKROOT = iphoneos;
			};
			name = Debug;
		};
		7BAEBA0019F63DBB0074CD1F /* Release */ = {
			isa = XCBuildConfiguration;
			buildSettings = {
				ALWAYS_SEARCH_USER_PATHS = NO;
				CLANG_CXX_LANGUAGE_STANDARD = "gnu++0x";
				CLANG_CXX_LIBRARY = "libc++";
				CLANG_ENABLE_MODULES = YES;
				CLANG_ENABLE_OBJC_ARC = YES;
				CLANG_WARN_BOOL_CONVERSION = YES;
				CLANG_WARN_CONSTANT_CONVERSION = YES;
				CLANG_WARN_DIRECT_OBJC_ISA_USAGE = YES_ERROR;
				CLANG_WARN_EMPTY_BODY = YES;
				CLANG_WARN_ENUM_CONVERSION = YES;
				CLANG_WARN_INT_CONVERSION = YES;
				CLANG_WARN_OBJC_ROOT_CLASS = YES_ERROR;
				CLANG_WARN_UNREACHABLE_CODE = YES;
				CLANG_WARN__DUPLICATE_METHOD_MATCH = YES;
				"CODE_SIGN_IDENTITY[sdk=iphoneos*]" = "iPhone Developer";
				COPY_PHASE_STRIP = YES;
				ENABLE_NS_ASSERTIONS = NO;
				ENABLE_STRICT_OBJC_MSGSEND = YES;
				GCC_C_LANGUAGE_STANDARD = gnu99;
				GCC_WARN_64_TO_32_BIT_CONVERSION = YES;
				GCC_WARN_ABOUT_RETURN_TYPE = YES_ERROR;
				GCC_WARN_UNDECLARED_SELECTOR = YES;
				GCC_WARN_UNINITIALIZED_AUTOS = YES_AGGRESSIVE;
				GCC_WARN_UNUSED_FUNCTION = YES;
				GCC_WARN_UNUSED_VARIABLE = YES;
				IPHONEOS_DEPLOYMENT_TARGET = 8.0;
				MTL_ENABLE_DEBUG_INFO = NO;
				SDKROOT = iphoneos;
				VALIDATE_PRODUCT = YES;
			};
			name = Release;
		};
		7BAEBA0219F63DBB0074CD1F /* Debug */ = {
			isa = XCBuildConfiguration;
			buildSettings = {
				ASSETCATALOG_COMPILER_APPICON_NAME = AppIcon;
				INFOPLIST_FILE = "Atom Quiz/Info.plist";
				IPHONEOS_DEPLOYMENT_TARGET = 8.1;
				LD_RUNPATH_SEARCH_PATHS = "$(inherited) @executable_path/Frameworks";
				PRODUCT_NAME = "$(TARGET_NAME)";
			};
			name = Debug;
		};
		7BAEBA0319F63DBB0074CD1F /* Release */ = {
			isa = XCBuildConfiguration;
			buildSettings = {
				ASSETCATALOG_COMPILER_APPICON_NAME = AppIcon;
				INFOPLIST_FILE = "Atom Quiz/Info.plist";
				IPHONEOS_DEPLOYMENT_TARGET = 8.1;
				LD_RUNPATH_SEARCH_PATHS = "$(inherited) @executable_path/Frameworks";
				PRODUCT_NAME = "$(TARGET_NAME)";
			};
			name = Release;
		};
		7BAEBA0519F63DBB0074CD1F /* Debug */ = {
			isa = XCBuildConfiguration;
			buildSettings = {
				BUNDLE_LOADER = "$(TEST_HOST)";
				FRAMEWORK_SEARCH_PATHS = (
					"$(SDKROOT)/Developer/Library/Frameworks",
					"$(inherited)",
				);
				GCC_PREPROCESSOR_DEFINITIONS = (
					"DEBUG=1",
					"$(inherited)",
				);
				INFOPLIST_FILE = "Atom QuizTests/Info.plist";
				LD_RUNPATH_SEARCH_PATHS = "$(inherited) @executable_path/Frameworks @loader_path/Frameworks";
				PRODUCT_NAME = "$(TARGET_NAME)";
				TEST_HOST = "$(BUILT_PRODUCTS_DIR)/Atom Quiz.app/Atom Quiz";
			};
			name = Debug;
		};
		7BAEBA0619F63DBB0074CD1F /* Release */ = {
			isa = XCBuildConfiguration;
			buildSettings = {
				BUNDLE_LOADER = "$(TEST_HOST)";
				FRAMEWORK_SEARCH_PATHS = (
					"$(SDKROOT)/Developer/Library/Frameworks",
					"$(inherited)",
				);
				INFOPLIST_FILE = "Atom QuizTests/Info.plist";
				LD_RUNPATH_SEARCH_PATHS = "$(inherited) @executable_path/Frameworks @loader_path/Frameworks";
				PRODUCT_NAME = "$(TARGET_NAME)";
				TEST_HOST = "$(BUILT_PRODUCTS_DIR)/Atom Quiz.app/Atom Quiz";
			};
			name = Release;
		};
/* End XCBuildConfiguration section */

/* Begin XCConfigurationList section */
		7BAEB9D919F63DBB0074CD1F /* Build configuration list for PBXProject "Atom Quiz" */ = {
			isa = XCConfigurationList;
			buildConfigurations = (
				7BAEB9FF19F63DBB0074CD1F /* Debug */,
				7BAEBA0019F63DBB0074CD1F /* Release */,
			);
			defaultConfigurationIsVisible = 0;
			defaultConfigurationName = Release;
		};
		7BAEBA0119F63DBB0074CD1F /* Build configuration list for PBXNativeTarget "Atom Quiz" */ = {
			isa = XCConfigurationList;
			buildConfigurations = (
				7BAEBA0219F63DBB0074CD1F /* Debug */,
				7BAEBA0319F63DBB0074CD1F /* Release */,
			);
			defaultConfigurationIsVisible = 0;
			defaultConfigurationName = Release;
		};
		7BAEBA0419F63DBB0074CD1F /* Build configuration list for PBXNativeTarget "Atom QuizTests" */ = {
			isa = XCConfigurationList;
			buildConfigurations = (
				7BAEBA0519F63DBB0074CD1F /* Debug */,
				7BAEBA0619F63DBB0074CD1F /* Release */,
			);
			defaultConfigurationIsVisible = 0;
			defaultConfigurationName = Release;
		};
/* End XCConfigurationList section */
	};
	rootObject = 7BAEB9D619F63DBB0074CD1F /* Project object */;
}
